
Microsoft Visual Studio Solution File, Format Version 12.00
# Visual Studio Version 17
VisualStudioVersion = 17.11.35219.272
MinimumVisualStudioVersion = 10.0.40219.1
Project("{FAE04EC0-301F-11D3-BF4B-00C04F79EFBC}") = "DockerTest1", "DockerTest1\DockerTest1.csproj", "{D846CEBB-B6B2-4ACC-ADC9-44724000CA72}"
EndProject
Global
	GlobalSection(SolutionConfigurationPlatforms) = preSolution
		Debug|Any CPU = Debug|Any CPU
		Release|Any CPU = Release|Any CPU
	EndGlobalSection
	GlobalSection(ProjectConfigurationPlatforms) = postSolution
		{D846CEBB-B6B2-4ACC-ADC9-44724000CA72}.Debug|Any CPU.ActiveCfg = Debug|Any CPU
		{D846CEBB-B6B2-4ACC-ADC9-44724000CA72}.Debug|Any CPU.Build.0 = Debug|Any CPU
		{D846CEBB-B6B2-4ACC-ADC9-44724000CA72}.Release|Any CPU.ActiveCfg = Release|Any CPU
		{D846CEBB-B6B2-4ACC-ADC9-44724000CA72}.Release|Any CPU.Build.0 = Release|Any CPU
	EndGlobalSection
	GlobalSection(SolutionProperties) = preSolution
		HideSolutionNode = FALSE
	EndGlobalSection
	GlobalSection(ExtensibilityGlobals) = postSolution
		SolutionGuid = {C5092EB3-392B-4E04-9363-121285C5E8E9}
	EndGlobalSection
EndGlobal
